
Microsoft Visual Studio Solution File, Format Version 12.00
# Visual Studio 15
VisualStudioVersion = 15.0.28307.1525
MinimumVisualStudioVersion = 10.0.40219.1
Project("{FAE04EC0-301F-11D3-BF4B-00C04F79EFBC}") = "Client", "Client\Client.csproj", "{7C60F31A-33EA-4D53-949A-54B2A37533ED}"
EndProject
Global
	GlobalSection(SolutionConfigurationPlatforms) = preSolution
		Debug|Any CPU = Debug|Any CPU
		Release|Any CPU = Release|Any CPU
	EndGlobalSection
	GlobalSection(ProjectConfigurationPlatforms) = postSolution
		{7C60F31A-33EA-4D53-949A-54B2A37533ED}.Debug|Any CPU.ActiveCfg = Debug|Any CPU
		{7C60F31A-33EA-4D53-949A-54B2A37533ED}.Debug|Any CPU.Build.0 = Debug|Any CPU
		{7C60F31A-33EA-4D53-949A-54B2A37533ED}.Release|Any CPU.ActiveCfg = Release|Any CPU
		{7C60F31A-33EA-4D53-949A-54B2A37533ED}.Release|Any CPU.Build.0 = Release|Any CPU
	EndGlobalSection
	GlobalSection(SolutionProperties) = preSolution
		HideSolutionNode = FALSE
	EndGlobalSection
	GlobalSection(ExtensibilityGlobals) = postSolution
		SolutionGuid = {04C5408F-B3B1-47E1-9D6A-F3FFAD81C83F}
	EndGlobalSection
EndGlobal
